
Microsoft Visual Studio Solution File, Format Version 12.00
Project("{FAE04EC0-301F-11D3-BF4B-00C04F79EFBC}") = "CartService", "CartService\CartService.csproj", "{910377DF-FB33-4F09-ABCF-764F699A38DE}"
EndProject
Project("{2150E333-8FDC-42A3-9474-1A3956D46DE8}") = "CartService", "CartService", "{30D14057-BDF5-4CAD-84C4-59D0F066832A}"
EndProject
Project("{2150E333-8FDC-42A3-9474-1A3956D46DE8}") = "CatalogService", "CatalogService", "{C3C63133-5FF1-4FDB-8B1F-4DAF5A0085F3}"
EndProject
Project("{FAE04EC0-301F-11D3-BF4B-00C04F79EFBC}") = "Catalog.DAL", "Catalog.DAL\Catalog.DAL.csproj", "{DF74FA34-4891-45E4-A988-7D01960CC6CC}"
EndProject
Project("{FAE04EC0-301F-11D3-BF4B-00C04F79EFBC}") = "Catalog.BLL", "Catalog.BLL\Catalog.BLL.csproj", "{D74F40EF-C8D9-460E-B5A5-81267040EFC3}"
EndProject
Project("{FAE04EC0-301F-11D3-BF4B-00C04F79EFBC}") = "Catalog.Entities", "Catalog.Entities\Catalog.Entities.csproj", "{DFFA5389-75F1-4766-9E2F-3E1382953EE1}"
EndProject
Project("{FAE04EC0-301F-11D3-BF4B-00C04F79EFBC}") = "Catalog.API", "Catalog.API\Catalog.API.csproj", "{46E476A7-BEBD-46CE-8D7C-0921F658077F}"
EndProject
Global
	GlobalSection(SolutionConfigurationPlatforms) = preSolution
		Debug|Any CPU = Debug|Any CPU
		Release|Any CPU = Release|Any CPU
	EndGlobalSection
	GlobalSection(ProjectConfigurationPlatforms) = postSolution
		{910377DF-FB33-4F09-ABCF-764F699A38DE}.Debug|Any CPU.ActiveCfg = Debug|Any CPU
		{910377DF-FB33-4F09-ABCF-764F699A38DE}.Debug|Any CPU.Build.0 = Debug|Any CPU
		{910377DF-FB33-4F09-ABCF-764F699A38DE}.Release|Any CPU.ActiveCfg = Release|Any CPU
		{910377DF-FB33-4F09-ABCF-764F699A38DE}.Release|Any CPU.Build.0 = Release|Any CPU
		{DF74FA34-4891-45E4-A988-7D01960CC6CC}.Debug|Any CPU.ActiveCfg = Debug|Any CPU
		{DF74FA34-4891-45E4-A988-7D01960CC6CC}.Debug|Any CPU.Build.0 = Debug|Any CPU
		{DF74FA34-4891-45E4-A988-7D01960CC6CC}.Release|Any CPU.ActiveCfg = Release|Any CPU
		{DF74FA34-4891-45E4-A988-7D01960CC6CC}.Release|Any CPU.Build.0 = Release|Any CPU
		{D74F40EF-C8D9-460E-B5A5-81267040EFC3}.Debug|Any CPU.ActiveCfg = Debug|Any CPU
		{D74F40EF-C8D9-460E-B5A5-81267040EFC3}.Debug|Any CPU.Build.0 = Debug|Any CPU
		{D74F40EF-C8D9-460E-B5A5-81267040EFC3}.Release|Any CPU.ActiveCfg = Release|Any CPU
		{D74F40EF-C8D9-460E-B5A5-81267040EFC3}.Release|Any CPU.Build.0 = Release|Any CPU
		{DFFA5389-75F1-4766-9E2F-3E1382953EE1}.Debug|Any CPU.ActiveCfg = Debug|Any CPU
		{DFFA5389-75F1-4766-9E2F-3E1382953EE1}.Debug|Any CPU.Build.0 = Debug|Any CPU
		{DFFA5389-75F1-4766-9E2F-3E1382953EE1}.Release|Any CPU.ActiveCfg = Release|Any CPU
		{DFFA5389-75F1-4766-9E2F-3E1382953EE1}.Release|Any CPU.Build.0 = Release|Any CPU
		{46E476A7-BEBD-46CE-8D7C-0921F658077F}.Debug|Any CPU.ActiveCfg = Debug|Any CPU
		{46E476A7-BEBD-46CE-8D7C-0921F658077F}.Debug|Any CPU.Build.0 = Debug|Any CPU
		{46E476A7-BEBD-46CE-8D7C-0921F658077F}.Release|Any CPU.ActiveCfg = Release|Any CPU
		{46E476A7-BEBD-46CE-8D7C-0921F658077F}.Release|Any CPU.Build.0 = Release|Any CPU
	EndGlobalSection
	GlobalSection(NestedProjects) = preSolution
		{910377DF-FB33-4F09-ABCF-764F699A38DE} = {30D14057-BDF5-4CAD-84C4-59D0F066832A}
		{DF74FA34-4891-45E4-A988-7D01960CC6CC} = {C3C63133-5FF1-4FDB-8B1F-4DAF5A0085F3}
		{D74F40EF-C8D9-460E-B5A5-81267040EFC3} = {C3C63133-5FF1-4FDB-8B1F-4DAF5A0085F3}
		{DFFA5389-75F1-4766-9E2F-3E1382953EE1} = {C3C63133-5FF1-4FDB-8B1F-4DAF5A0085F3}
		{46E476A7-BEBD-46CE-8D7C-0921F658077F} = {C3C63133-5FF1-4FDB-8B1F-4DAF5A0085F3}
	EndGlobalSection
EndGlobal
